
Microsoft Visual Studio Solution File, Format Version 12.00
# Visual Studio Version 16
VisualStudioVersion = 16.0.29728.190
MinimumVisualStudioVersion = 10.0.40219.1
Project("{8BC9CEB8-8B4A-11D0-8D11-00A0C91BC942}") = "Saitama", "Saitama\Saitama.vcxproj", "{F58E849D-8B77-4BE8-905C-1BB2F829B0E3}"
EndProject
Project("{8BC9CEB8-8B4A-11D0-8D11-00A0C91BC942}") = "Fubuki", "Fubuki\Fubuki.vcxproj", "{57DA22A4-79E4-4880-AF73-92D7862710E6}"
EndProject
Project("{8BC9CEB8-8B4A-11D0-8D11-00A0C91BC942}") = "Genos", "Genos\Genos.vcxproj", "{B90A649E-D7E5-44F5-A211-2B92DBFA4440}"
EndProject
Project("{8BC9CEB8-8B4A-11D0-8D11-00A0C91BC942}") = "TerribleTornado", "TerribleTornado\TerribleTornado.vcxproj", "{F5C7EDBE-90EF-442B-94A9-34E74F2A5314}"
EndProject
Project("{8BC9CEB8-8B4A-11D0-8D11-00A0C91BC942}") = "Machine", "Machine\Machine.vcxproj", "{3AC2F30C-BD8E-469A-BB2B-FDFDB6632820}"
EndProject
Global
	GlobalSection(SolutionConfigurationPlatforms) = preSolution
		Debug|ARM = Debug|ARM
		Debug|ARM64 = Debug|ARM64
		Debug|x64 = Debug|x64
		Debug|x86 = Debug|x86
		Release|ARM = Release|ARM
		Release|ARM64 = Release|ARM64
		Release|x64 = Release|x64
		Release|x86 = Release|x86
	EndGlobalSection
	GlobalSection(ProjectConfigurationPlatforms) = postSolution
		{F58E849D-8B77-4BE8-905C-1BB2F829B0E3}.Debug|ARM.ActiveCfg = Debug|Win32
		{F58E849D-8B77-4BE8-905C-1BB2F829B0E3}.Debug|ARM64.ActiveCfg = Debug|Win32
		{F58E849D-8B77-4BE8-905C-1BB2F829B0E3}.Debug|x64.ActiveCfg = Debug|x64
		{F58E849D-8B77-4BE8-905C-1BB2F829B0E3}.Debug|x64.Build.0 = Debug|x64
		{F58E849D-8B77-4BE8-905C-1BB2F829B0E3}.Debug|x86.ActiveCfg = Debug|Win32
		{F58E849D-8B77-4BE8-905C-1BB2F829B0E3}.Debug|x86.Build.0 = Debug|Win32
		{F58E849D-8B77-4BE8-905C-1BB2F829B0E3}.Release|ARM.ActiveCfg = Release|Win32
		{F58E849D-8B77-4BE8-905C-1BB2F829B0E3}.Release|ARM64.ActiveCfg = Release|Win32
		{F58E849D-8B77-4BE8-905C-1BB2F829B0E3}.Release|x64.ActiveCfg = Release|x64
		{F58E849D-8B77-4BE8-905C-1BB2F829B0E3}.Release|x64.Build.0 = Release|x64
		{F58E849D-8B77-4BE8-905C-1BB2F829B0E3}.Release|x86.ActiveCfg = Release|Win32
		{F58E849D-8B77-4BE8-905C-1BB2F829B0E3}.Release|x86.Build.0 = Release|Win32
		{57DA22A4-79E4-4880-AF73-92D7862710E6}.Debug|ARM.ActiveCfg = Debug|Win32
		{57DA22A4-79E4-4880-AF73-92D7862710E6}.Debug|ARM64.ActiveCfg = Debug|Win32
		{57DA22A4-79E4-4880-AF73-92D7862710E6}.Debug|x64.ActiveCfg = Debug|x64
		{57DA22A4-79E4-4880-AF73-92D7862710E6}.Debug|x64.Build.0 = Debug|x64
		{57DA22A4-79E4-4880-AF73-92D7862710E6}.Debug|x86.ActiveCfg = Debug|Win32
		{57DA22A4-79E4-4880-AF73-92D7862710E6}.Debug|x86.Build.0 = Debug|Win32
		{57DA22A4-79E4-4880-AF73-92D7862710E6}.Release|ARM.ActiveCfg = Release|Win32
		{57DA22A4-79E4-4880-AF73-92D7862710E6}.Release|ARM64.ActiveCfg = Release|Win32
		{57DA22A4-79E4-4880-AF73-92D7862710E6}.Release|x64.ActiveCfg = Release|x64
		{57DA22A4-79E4-4880-AF73-92D7862710E6}.Release|x64.Build.0 = Release|x64
		{57DA22A4-79E4-4880-AF73-92D7862710E6}.Release|x86.ActiveCfg = Release|Win32
		{57DA22A4-79E4-4880-AF73-92D7862710E6}.Release|x86.Build.0 = Release|Win32
		{B90A649E-D7E5-44F5-A211-2B92DBFA4440}.Debug|ARM.ActiveCfg = Debug|ARM
		{B90A649E-D7E5-44F5-A211-2B92DBFA4440}.Debug|ARM.Build.0 = Debug|ARM
		{B90A649E-D7E5-44F5-A211-2B92DBFA4440}.Debug|ARM.Deploy.0 = Debug|ARM
		{B90A649E-D7E5-44F5-A211-2B92DBFA4440}.Debug|ARM64.ActiveCfg = Debug|ARM64
		{B90A649E-D7E5-44F5-A211-2B92DBFA4440}.Debug|ARM64.Build.0 = Debug|ARM64
		{B90A649E-D7E5-44F5-A211-2B92DBFA4440}.Debug|ARM64.Deploy.0 = Debug|ARM64
		{B90A649E-D7E5-44F5-A211-2B92DBFA4440}.Debug|x64.ActiveCfg = Debug|x64
		{B90A649E-D7E5-44F5-A211-2B92DBFA4440}.Debug|x64.Build.0 = Debug|x64
		{B90A649E-D7E5-44F5-A211-2B92DBFA4440}.Debug|x64.Deploy.0 = Debug|x64
		{B90A649E-D7E5-44F5-A211-2B92DBFA4440}.Debug|x86.ActiveCfg = Debug|x86
		{B90A649E-D7E5-44F5-A211-2B92DBFA4440}.Debug|x86.Build.0 = Debug|x86
		{B90A649E-D7E5-44F5-A211-2B92DBFA4440}.Debug|x86.Deploy.0 = Debug|x86
		{B90A649E-D7E5-44F5-A211-2B92DBFA4440}.Release|ARM.ActiveCfg = Release|ARM
		{B90A649E-D7E5-44F5-A211-2B92DBFA4440}.Release|ARM.Build.0 = Release|ARM
		{B90A649E-D7E5-44F5-A211-2B92DBFA4440}.Release|ARM.Deploy.0 = Release|ARM
		{B90A649E-D7E5-44F5-A211-2B92DBFA4440}.Release|ARM64.ActiveCfg = Release|ARM64
		{B90A649E-D7E5-44F5-A211-2B92DBFA4440}.Release|ARM64.Build.0 = Release|ARM64
		{B90A649E-D7E5-44F5-A211-2B92DBFA4440}.Release|ARM64.Deploy.0 = Release|ARM64
		{B90A649E-D7E5-44F5-A211-2B92DBFA4440}.Release|x64.ActiveCfg = Release|x64
		{B90A649E-D7E5-44F5-A211-2B92DBFA4440}.Release|x64.Build.0 = Release|x64
		{B90A649E-D7E5-44F5-A211-2B92DBFA4440}.Release|x64.Deploy.0 = Release|x64
		{B90A649E-D7E5-44F5-A211-2B92DBFA4440}.Release|x86.ActiveCfg = Release|x86
		{B90A649E-D7E5-44F5-A211-2B92DBFA4440}.Release|x86.Build.0 = Release|x86
		{B90A649E-D7E5-44F5-A211-2B92DBFA4440}.Release|x86.Deploy.0 = Release|x86
		{F5C7EDBE-90EF-442B-94A9-34E74F2A5314}.Debug|ARM.ActiveCfg = Debug|Win32
		{F5C7EDBE-90EF-442B-94A9-34E74F2A5314}.Debug|ARM64.ActiveCfg = Debug|Win32
		{F5C7EDBE-90EF-442B-94A9-34E74F2A5314}.Debug|x64.ActiveCfg = Debug|x64
		{F5C7EDBE-90EF-442B-94A9-34E74F2A5314}.Debug|x64.Build.0 = Debug|x64
		{F5C7EDBE-90EF-442B-94A9-34E74F2A5314}.Debug|x86.ActiveCfg = Debug|Win32
		{F5C7EDBE-90EF-442B-94A9-34E74F2A5314}.Debug|x86.Build.0 = Debug|Win32
		{F5C7EDBE-90EF-442B-94A9-34E74F2A5314}.Release|ARM.ActiveCfg = Release|Win32
		{F5C7EDBE-90EF-442B-94A9-34E74F2A5314}.Release|ARM64.ActiveCfg = Release|Win32
		{F5C7EDBE-90EF-442B-94A9-34E74F2A5314}.Release|x64.ActiveCfg = Release|x64
		{F5C7EDBE-90EF-442B-94A9-34E74F2A5314}.Release|x64.Build.0 = Release|x64
		{F5C7EDBE-90EF-442B-94A9-34E74F2A5314}.Release|x86.ActiveCfg = Release|Win32
		{F5C7EDBE-90EF-442B-94A9-34E74F2A5314}.Release|x86.Build.0 = Release|Win32
		{3AC2F30C-BD8E-469A-BB2B-FDFDB6632820}.Debug|ARM.ActiveCfg = Debug|Win32
		{3AC2F30C-BD8E-469A-BB2B-FDFDB6632820}.Debug|ARM64.ActiveCfg = Debug|Win32
		{3AC2F30C-BD8E-469A-BB2B-FDFDB6632820}.Debug|x64.ActiveCfg = Debug|x64
		{3AC2F30C-BD8E-469A-BB2B-FDFDB6632820}.Debug|x64.Build.0 = Debug|x64
		{3AC2F30C-BD8E-469A-BB2B-FDFDB6632820}.Debug|x86.ActiveCfg = Debug|Win32
		{3AC2F30C-BD8E-469A-BB2B-FDFDB6632820}.Debug|x86.Build.0 = Debug|Win32
		{3AC2F30C-BD8E-469A-BB2B-FDFDB6632820}.Release|ARM.ActiveCfg = Release|Win32
		{3AC2F30C-BD8E-469A-BB2B-FDFDB6632820}.Release|ARM64.ActiveCfg = Release|Win32
		{3AC2F30C-BD8E-469A-BB2B-FDFDB6632820}.Release|x64.ActiveCfg = Release|x64
		{3AC2F30C-BD8E-469A-BB2B-FDFDB6632820}.Release|x64.Build.0 = Release|x64
		{3AC2F30C-BD8E-469A-BB2B-FDFDB6632820}.Release|x86.ActiveCfg = Release|Win32
		{3AC2F30C-BD8E-469A-BB2B-FDFDB6632820}.Release|x86.Build.0 = Release|Win32
	EndGlobalSection
	GlobalSection(SolutionProperties) = preSolution
		HideSolutionNode = FALSE
	EndGlobalSection
	GlobalSection(ExtensibilityGlobals) = postSolution
		SolutionGuid = {AAEEA732-B5AE-4250-9B41-2205654BE7EA}
	EndGlobalSection
EndGlobal
