<?xml version="1.0" encoding="utf-8"?>
<Project ToolsVersion="4.0" xmlns="http://schemas.microsoft.com/developer/msbuild/2003">
  <ItemGroup>
    <ClCompile Include="..\Fubuki\Decode\FrameChannel.cpp" />
    <ClCompile Include="..\Fubuki\Decode\IVE_8UC3Handler.cpp" />
    <ClCompile Include="..\Fubuki\Decode\YUV420SPHandler.cpp" />
    <ClCompile Include="..\Saitama\Convert\JsonFormatter.cpp" />
    <ClCompile Include="..\Saitama\Core\DateTime.cpp" />
    <ClCompile Include="..\Saitama\Core\FileConfig.cpp" />
    <ClCompile Include="..\Saitama\Core\Thread.cpp" />
    <ClCompile Include="..\Saitama\Logger\ConsoleLogger.cpp" />
    <ClCompile Include="..\Saitama\Logger\FileLogger.cpp" />
    <ClCompile Include="..\Saitama\Logger\LogPool.cpp" />
    <ClCompile Include="..\Saitama\Logger\LogReader.cpp" />
    <ClCompile Include="..\Saitama\Net\AsyncHandler.cpp" />
    <ClCompile Include="..\Saitama\Net\ConnectionChannel.cpp" />
    <ClCompile Include="..\Saitama\Net\EndPoint.cpp" />
    <ClCompile Include="..\Saitama\Net\HttpHandler.cpp" />
    <ClCompile Include="..\Saitama\Net\NoticeHandler.cpp" />
    <ClCompile Include="..\Saitama\Net\Socket.cpp" />
    <ClCompile Include="..\Saitama\Net\SocketChannel.cpp" />
    <ClCompile Include="..\Saitama\Net\SocketHandler.cpp" />
    <ClCompile Include="..\Saitama\Net\SocketMaid.cpp" />
    <ClCompile Include="..\Saitama\Text\Path.cpp" />
    <ClCompile Include="..\Saitama\Text\StringEx.cpp" />
    <ClCompile Include="..\TerribleTornado\Mqtt\MqttChannel.cpp" />
    <ClCompile Include="..\TerribleTornado\Sqlite\Sqlite.cpp" />
    <ClCompile Include="..\TerribleTornado\Traffic\DataChannel.cpp" />
    <ClCompile Include="..\TerribleTornado\Traffic\FlowChannelData.cpp" />
    <ClCompile Include="..\TerribleTornado\Traffic\LaneDetector.cpp" />
    <ClCompile Include="..\TerribleTornado\Video\DetectChannel.cpp" />
    <ClCompile Include="..\TerribleTornado\Video\HisiChannel.cpp" />
    <ClCompile Include="..\TerribleTornado\Video\RecognChannel.cpp" />
    <ClCompile Include="..\TerribleTornado\Video\SeemmoSDK.cpp" />
    <ClCompile Include="main.cpp" />
  </ItemGroup>
  <ItemGroup>
    <ClInclude Include="..\Fubuki\Decode\FrameChannel.h" />
    <ClInclude Include="..\Fubuki\Decode\IVE_8UC3Handler.h" />
    <ClInclude Include="..\Fubuki\Decode\YUV420SPHandler.h" />
    <ClInclude Include="..\Saitama\Convert\JsonFormatter.h" />
    <ClInclude Include="..\Saitama\Core\DateTime.h" />
    <ClInclude Include="..\Saitama\Core\FileConfig.h" />
    <ClInclude Include="..\Saitama\Core\Observable.h" />
    <ClInclude Include="..\Saitama\Core\Shape.h" />
    <ClInclude Include="..\Saitama\Core\Thread.h" />
    <ClInclude Include="..\Saitama\Logger\ConsoleLogger.h" />
    <ClInclude Include="..\Saitama\Logger\FileLogger.h" />
    <ClInclude Include="..\Saitama\Logger\LogEvent.h" />
    <ClInclude Include="..\Saitama\Logger\Logger.h" />
    <ClInclude Include="..\Saitama\Logger\LogPool.h" />
    <ClInclude Include="..\Saitama\Logger\LogReader.h" />
    <ClInclude Include="..\Saitama\Net\AsyncHandler.h" />
    <ClInclude Include="..\Saitama\Net\ConnectionChannel.h" />
    <ClInclude Include="..\Saitama\Net\EndPoint.h" />
    <ClInclude Include="..\Saitama\Net\HttpHandler.h" />
    <ClInclude Include="..\Saitama\Net\NoticeHandler.h" />
    <ClInclude Include="..\Saitama\Net\Socket.h" />
    <ClInclude Include="..\Saitama\Net\SocketChannel.h" />
    <ClInclude Include="..\Saitama\Net\SocketHandler.h" />
    <ClInclude Include="..\Saitama\Net\SocketMaid.h" />
    <ClInclude Include="..\Saitama\Text\Path.h" />
    <ClInclude Include="..\Saitama\Text\StringEx.h" />
    <ClInclude Include="..\TerribleTornado\Hisi\aacdec.h" />
    <ClInclude Include="..\TerribleTornado\Hisi\aacenc.h" />
    <ClInclude Include="..\TerribleTornado\Hisi\acodec.h" />
    <ClInclude Include="..\TerribleTornado\Hisi\autoconf.h" />
    <ClInclude Include="..\TerribleTornado\Hisi\fisheye_calibrate.h" />
    <ClInclude Include="..\TerribleTornado\Hisi\hifb.h" />
    <ClInclude Include="..\TerribleTornado\Hisi\hiir.h" />
    <ClInclude Include="..\TerribleTornado\Hisi\hi_ae_comm.h" />
    <ClInclude Include="..\TerribleTornado\Hisi\hi_af_comm.h" />
    <ClInclude Include="..\TerribleTornado\Hisi\hi_avs_lut_generate.h" />
    <ClInclude Include="..\TerribleTornado\Hisi\hi_avs_position_query.h" />
    <ClInclude Include="..\TerribleTornado\Hisi\hi_awb_comm.h" />
    <ClInclude Include="..\TerribleTornado\Hisi\hi_buffer.h" />
    <ClInclude Include="..\TerribleTornado\Hisi\hi_common.h" />
    <ClInclude Include="..\TerribleTornado\Hisi\hi_common_cipher.h" />
    <ClInclude Include="..\TerribleTornado\Hisi\hi_comm_3a.h" />
    <ClInclude Include="..\TerribleTornado\Hisi\hi_comm_adec.h" />
    <ClInclude Include="..\TerribleTornado\Hisi\hi_comm_aenc.h" />
    <ClInclude Include="..\TerribleTornado\Hisi\hi_comm_ai.h" />
    <ClInclude Include="..\TerribleTornado\Hisi\hi_comm_aio.h" />
    <ClInclude Include="..\TerribleTornado\Hisi\hi_comm_ao.h" />
    <ClInclude Include="..\TerribleTornado\Hisi\hi_comm_avs.h" />
    <ClInclude Include="..\TerribleTornado\Hisi\hi_comm_dis.h" />
    <ClInclude Include="..\TerribleTornado\Hisi\hi_comm_dpu_match.h" />
    <ClInclude Include="..\TerribleTornado\Hisi\hi_comm_dpu_rect.h" />
    <ClInclude Include="..\TerribleTornado\Hisi\hi_comm_gdc.h" />
    <ClInclude Include="..\TerribleTornado\Hisi\hi_comm_hdmi.h" />
    <ClInclude Include="..\TerribleTornado\Hisi\hi_comm_hdr.h" />
    <ClInclude Include="..\TerribleTornado\Hisi\hi_comm_isp.h" />
    <ClInclude Include="..\TerribleTornado\Hisi\hi_comm_ive.h" />
    <ClInclude Include="..\TerribleTornado\Hisi\hi_comm_pciv.h" />
    <ClInclude Include="..\TerribleTornado\Hisi\hi_comm_photo.h" />
    <ClInclude Include="..\TerribleTornado\Hisi\hi_comm_rc.h" />
    <ClInclude Include="..\TerribleTornado\Hisi\hi_comm_region.h" />
    <ClInclude Include="..\TerribleTornado\Hisi\hi_comm_snap.h" />
    <ClInclude Include="..\TerribleTornado\Hisi\hi_comm_sns.h" />
    <ClInclude Include="..\TerribleTornado\Hisi\hi_comm_svp.h" />
    <ClInclude Include="..\TerribleTornado\Hisi\hi_comm_sys.h" />
    <ClInclude Include="..\TerribleTornado\Hisi\hi_comm_vb.h" />
    <ClInclude Include="..\TerribleTornado\Hisi\hi_comm_vdec.h" />
    <ClInclude Include="..\TerribleTornado\Hisi\hi_comm_venc.h" />
    <ClInclude Include="..\TerribleTornado\Hisi\hi_comm_vgs.h" />
    <ClInclude Include="..\TerribleTornado\Hisi\hi_comm_vi.h" />
    <ClInclude Include="..\TerribleTornado\Hisi\hi_comm_video.h" />
    <ClInclude Include="..\TerribleTornado\Hisi\hi_comm_vo.h" />
    <ClInclude Include="..\TerribleTornado\Hisi\hi_comm_vpss.h" />
    <ClInclude Include="..\TerribleTornado\Hisi\hi_debug.h" />
    <ClInclude Include="..\TerribleTornado\Hisi\hi_defines.h" />
    <ClInclude Include="..\TerribleTornado\Hisi\hi_dsp.h" />
    <ClInclude Include="..\TerribleTornado\Hisi\hi_errno.h" />
    <ClInclude Include="..\TerribleTornado\Hisi\hi_i2c.h" />
    <ClInclude Include="..\TerribleTornado\Hisi\hi_isp_bin.h" />
    <ClInclude Include="..\TerribleTornado\Hisi\hi_isp_debug.h" />
    <ClInclude Include="..\TerribleTornado\Hisi\hi_isp_defines.h" />
    <ClInclude Include="..\TerribleTornado\Hisi\hi_ive.h" />
    <ClInclude Include="..\TerribleTornado\Hisi\hi_math.h" />
    <ClInclude Include="..\TerribleTornado\Hisi\hi_mcc_usrdev.h" />
    <ClInclude Include="..\TerribleTornado\Hisi\hi_md.h" />
    <ClInclude Include="..\TerribleTornado\Hisi\hi_mipi.h" />
    <ClInclude Include="..\TerribleTornado\Hisi\hi_mipi_tx.h" />
    <ClInclude Include="..\TerribleTornado\Hisi\hi_nnie.h" />
    <ClInclude Include="..\TerribleTornado\Hisi\hi_plugin.h" />
    <ClInclude Include="..\TerribleTornado\Hisi\hi_resampler_api.h" />
    <ClInclude Include="..\TerribleTornado\Hisi\hi_runtime_api.h" />
    <ClInclude Include="..\TerribleTornado\Hisi\hi_runtime_comm.h" />
    <ClInclude Include="..\TerribleTornado\Hisi\hi_securec.h" />
    <ClInclude Include="..\TerribleTornado\Hisi\hi_sns_ctrl.h" />
    <ClInclude Include="..\TerribleTornado\Hisi\hi_spi.h" />
    <ClInclude Include="..\TerribleTornado\Hisi\hi_ssp.h" />
    <ClInclude Include="..\TerribleTornado\Hisi\hi_tde_api.h" />
    <ClInclude Include="..\TerribleTornado\Hisi\hi_tde_errcode.h" />
    <ClInclude Include="..\TerribleTornado\Hisi\hi_tde_type.h" />
    <ClInclude Include="..\TerribleTornado\Hisi\hi_type.h" />
    <ClInclude Include="..\TerribleTornado\Hisi\hi_types.h" />
    <ClInclude Include="..\TerribleTornado\Hisi\hi_unf_cipher.h" />
    <ClInclude Include="..\TerribleTornado\Hisi\isp_dehaze.h" />
    <ClInclude Include="..\TerribleTornado\Hisi\ivs_md.h" />
    <ClInclude Include="..\TerribleTornado\Hisi\list.h" />
    <ClInclude Include="..\TerribleTornado\Hisi\mpi_ae.h" />
    <ClInclude Include="..\TerribleTornado\Hisi\mpi_audio.h" />
    <ClInclude Include="..\TerribleTornado\Hisi\mpi_avs.h" />
    <ClInclude Include="..\TerribleTornado\Hisi\mpi_awb.h" />
    <ClInclude Include="..\TerribleTornado\Hisi\mpi_dpu_match.h" />
    <ClInclude Include="..\TerribleTornado\Hisi\mpi_dpu_rect.h" />
    <ClInclude Include="..\TerribleTornado\Hisi\mpi_dsp.h" />
    <ClInclude Include="..\TerribleTornado\Hisi\mpi_gdc.h" />
    <ClInclude Include="..\TerribleTornado\Hisi\mpi_hdmi.h" />
    <ClInclude Include="..\TerribleTornado\Hisi\mpi_hdr.h" />
    <ClInclude Include="..\TerribleTornado\Hisi\mpi_isp.h" />
    <ClInclude Include="..\TerribleTornado\Hisi\mpi_ive.h" />
    <ClInclude Include="..\TerribleTornado\Hisi\mpi_nnie.h" />
    <ClInclude Include="..\TerribleTornado\Hisi\mpi_pciv.h" />
    <ClInclude Include="..\TerribleTornado\Hisi\mpi_photo.h" />
    <ClInclude Include="..\TerribleTornado\Hisi\mpi_region.h" />
    <ClInclude Include="..\TerribleTornado\Hisi\mpi_snap.h" />
    <ClInclude Include="..\TerribleTornado\Hisi\mpi_sys.h" />
    <ClInclude Include="..\TerribleTornado\Hisi\mpi_vb.h" />
    <ClInclude Include="..\TerribleTornado\Hisi\mpi_vdec.h" />
    <ClInclude Include="..\TerribleTornado\Hisi\mpi_venc.h" />
    <ClInclude Include="..\TerribleTornado\Hisi\mpi_vgs.h" />
    <ClInclude Include="..\TerribleTornado\Hisi\mpi_vi.h" />
    <ClInclude Include="..\TerribleTornado\Hisi\mpi_vo.h" />
    <ClInclude Include="..\TerribleTornado\Hisi\mpi_vpss.h" />
    <ClInclude Include="..\TerribleTornado\Hisi\securec.h" />
    <ClInclude Include="..\TerribleTornado\Hisi\securectype.h" />
    <ClInclude Include="..\TerribleTornado\Hisi\vdec_exp.h" />
    <ClInclude Include="..\TerribleTornado\Hisi\vou_exp.h" />
    <ClInclude Include="..\TerribleTornado\Hisi\watchdog.h" />
    <ClInclude Include="..\TerribleTornado\Mqtt\mosquitto.h" />
    <ClInclude Include="..\TerribleTornado\Mqtt\MqttChannel.h" />
    <ClInclude Include="..\TerribleTornado\Sqlite\Sqlite.h" />
    <ClInclude Include="..\TerribleTornado\Sqlite\sqlite3.h" />
    <ClInclude Include="..\TerribleTornado\Traffic\DataChannel.h" />
    <ClInclude Include="..\TerribleTornado\Traffic\FlowChannelData.h" />
    <ClInclude Include="..\TerribleTornado\Traffic\LaneDetector.h" />
    <ClInclude Include="..\TerribleTornado\Video\DetectChannel.h" />
    <ClInclude Include="..\TerribleTornado\Video\HisiChannel.h" />
    <ClInclude Include="..\TerribleTornado\Video\RecognChannel.h" />
    <ClInclude Include="..\TerribleTornado\Video\SeemmoSDK.h" />
    <ClInclude Include="..\Fubuki\FFmpeg\libpostproc\postprocess.h" />
    <ClInclude Include="..\Fubuki\FFmpeg\libpostproc\version.h" />
    <ClInclude Include="..\Fubuki\FFmpeg\libswresample\swresample.h" />
    <ClInclude Include="..\Fubuki\FFmpeg\libswresample\version.h" />
    <ClInclude Include="..\Fubuki\FFmpeg\libswscale\swscale.h" />
    <ClInclude Include="..\Fubuki\FFmpeg\libswscale\version.h" />
  </ItemGroup>
</Project>