<?xml version="1.0" encoding="utf-8"?>
<Project ToolsVersion="4.0" xmlns="http://schemas.microsoft.com/developer/msbuild/2003">
  <ItemGroup>
    <ClCompile Include="main.cpp" />
    <ClCompile Include="..\Saitama\Convert\JsonFormatter.cpp" />
    <ClCompile Include="..\Saitama\Core\Command.cpp" />
    <ClCompile Include="..\Saitama\Core\DateTime.cpp" />
    <ClCompile Include="..\Saitama\Core\FileConfig.cpp" />
    <ClCompile Include="..\Saitama\Core\Thread.cpp" />
    <ClCompile Include="..\Saitama\Logger\ConsoleLogger.cpp" />
    <ClCompile Include="..\Saitama\Logger\FileLogger.cpp" />
    <ClCompile Include="..\Saitama\Logger\LogPool.cpp" />
    <ClCompile Include="..\Saitama\Logger\LogReader.cpp" />
    <ClCompile Include="..\Saitama\Net\AsyncHandler.cpp" />
    <ClCompile Include="..\Saitama\Net\ConnectionChannel.cpp" />
    <ClCompile Include="..\Saitama\Net\EndPoint.cpp" />
    <ClCompile Include="..\Saitama\Net\HttpHandler.cpp" />
    <ClCompile Include="..\Saitama\Net\NoticeHandler.cpp" />
    <ClCompile Include="..\Saitama\Net\Socket.cpp" />
    <ClCompile Include="..\Saitama\Net\SocketChannel.cpp" />
    <ClCompile Include="..\Saitama\Net\SocketHandler.cpp" />
    <ClCompile Include="..\Saitama\Net\SocketMaid.cpp" />
    <ClCompile Include="..\Saitama\Text\Path.cpp" />
    <ClCompile Include="..\Saitama\Text\StringEx.cpp" />
    <ClCompile Include="..\Fubuki\Sqlite\Sqlite.cpp" />
    <ClCompile Include="..\Fubuki\Mqtt\MqttChannel.cpp" />
    <ClCompile Include="..\TerribleTornado\Flow\FlowData.cpp" />
    <ClCompile Include="..\TerribleTornado\Flow\FlowStartup.cpp" />
    <ClCompile Include="..\TerribleTornado\Flow\FlowDetector.cpp" />
    <ClCompile Include="..\TerribleTornado\Traffic\DetectChannel.cpp" />
    <ClCompile Include="..\TerribleTornado\Traffic\RecognChannel.cpp" />
    <ClCompile Include="..\TerribleTornado\Traffic\SeemmoSDK.cpp" />
    <ClCompile Include="..\TerribleTornado\Traffic\TrafficDetector.cpp" />
    <ClCompile Include="..\TerribleTornado\Traffic\TrafficStartup.cpp" />
    <ClCompile Include="..\TerribleTornado\Event\EventData.cpp" />
    <ClCompile Include="..\TerribleTornado\Event\EventDetector.cpp" />
    <ClCompile Include="..\TerribleTornado\Event\EventStartup.cpp" />
    <ClCompile Include="..\TerribleTornado\Adapter\IoAdapter.cpp" />
    <ClCompile Include="..\TerribleTornado\Traffic\TrafficData.cpp" />
    <ClCompile Include="..\Fubuki\FFmpeg\FFmpegInput.cpp" />
    <ClCompile Include="..\TerribleTornado\Image\BGR24Handler.cpp" />
    <ClCompile Include="..\TerribleTornado\Image\H264Handler.cpp" />
    <ClCompile Include="..\TerribleTornado\Image\ImageConvert.cpp" />
    <ClCompile Include="..\TerribleTornado\Image\IVEHandler.cpp" />
    <ClCompile Include="..\TerribleTornado\Image\YUV420PHandler.cpp" />
    <ClCompile Include="..\TerribleTornado\Image\YUV420SPHandler.cpp" />
    <ClCompile Include="..\TerribleTornado\Traffic\DecodeChannel.cpp" />
    <ClCompile Include="..\TerribleTornado\Traffic\EncodeChannel.cpp" />
    <ClCompile Include="..\Fubuki\FFmpeg\Mp4Output.cpp" />
    <ClCompile Include="..\Fubuki\FFmpeg\RtmpOutput.cpp" />
    <ClCompile Include="..\Fubuki\FFmpeg\H264Cache.cpp" />
  </ItemGroup>
  <ItemGroup>
    <ClInclude Include="..\Saitama\Convert\JsonFormatter.h" />
    <ClInclude Include="..\Saitama\Core\Command.h" />
    <ClInclude Include="..\Saitama\Core\DateTime.h" />
    <ClInclude Include="..\Saitama\Core\FileConfig.h" />
    <ClInclude Include="..\Saitama\Core\Observable.h" />
    <ClInclude Include="..\Saitama\Core\Shape.h" />
    <ClInclude Include="..\Saitama\Core\Thread.h" />
    <ClInclude Include="..\Saitama\Logger\ConsoleLogger.h" />
    <ClInclude Include="..\Saitama\Logger\FileLogger.h" />
    <ClInclude Include="..\Saitama\Logger\LogEvent.h" />
    <ClInclude Include="..\Saitama\Logger\Logger.h" />
    <ClInclude Include="..\Saitama\Logger\LogPool.h" />
    <ClInclude Include="..\Saitama\Logger\LogReader.h" />
    <ClInclude Include="..\Saitama\Net\AsyncHandler.h" />
    <ClInclude Include="..\Saitama\Net\ConnectionChannel.h" />
    <ClInclude Include="..\Saitama\Net\EndPoint.h" />
    <ClInclude Include="..\Saitama\Net\HttpHandler.h" />
    <ClInclude Include="..\Saitama\Net\NoticeHandler.h" />
    <ClInclude Include="..\Saitama\Net\Socket.h" />
    <ClInclude Include="..\Saitama\Net\SocketChannel.h" />
    <ClInclude Include="..\Saitama\Net\SocketHandler.h" />
    <ClInclude Include="..\Saitama\Net\SocketMaid.h" />
    <ClInclude Include="..\Saitama\Text\Path.h" />
    <ClInclude Include="..\Saitama\Text\StringEx.h" />
    <ClInclude Include="..\Fubuki\Sqlite\Sqlite.h" />
    <ClInclude Include="..\Fubuki\Mqtt\MqttChannel.h" />
    <ClInclude Include="..\TerribleTornado\Flow\FlowData.h" />
    <ClInclude Include="..\TerribleTornado\Flow\FlowStartup.h" />
    <ClInclude Include="..\TerribleTornado\Flow\FlowDetector.h" />
    <ClInclude Include="..\TerribleTornado\Traffic\DetectChannel.h" />
    <ClInclude Include="..\TerribleTornado\Traffic\RecognChannel.h" />
    <ClInclude Include="..\TerribleTornado\Traffic\SeemmoSDK.h" />
    <ClInclude Include="..\TerribleTornado\Traffic\TrafficData.h" />
    <ClInclude Include="..\TerribleTornado\Traffic\TrafficDetector.h" />
    <ClInclude Include="..\TerribleTornado\Traffic\TrafficStartup.h" />
    <ClInclude Include="..\TerribleTornado\Event\EventData.h" />
    <ClInclude Include="..\TerribleTornado\Event\EventDetector.h" />
    <ClInclude Include="..\TerribleTornado\Event\EventStartup.h" />
    <ClInclude Include="..\TerribleTornado\Adapter\IoAdapter.h" />
    <ClInclude Include="..\Fubuki\FFmpeg\FFmpegInput.h" />
    <ClInclude Include="..\TerribleTornado\Image\BGR24Handler.h" />
    <ClInclude Include="..\TerribleTornado\Image\H264Handler.h" />
    <ClInclude Include="..\TerribleTornado\Image\ImageConvert.h" />
    <ClInclude Include="..\TerribleTornado\Image\IVEHandler.h" />
    <ClInclude Include="..\TerribleTornado\Image\YUV420PHandler.h" />
    <ClInclude Include="..\TerribleTornado\Image\YUV420SPHandler.h" />
    <ClInclude Include="..\TerribleTornado\Traffic\DecodeChannel.h" />
    <ClInclude Include="..\TerribleTornado\Traffic\EncodeChannel.h" />
    <ClInclude Include="..\Fubuki\FFmpeg\Mp4Output.h" />
    <ClInclude Include="..\Fubuki\FFmpeg\RtmpOutput.h" />
    <ClInclude Include="..\Fubuki\FFmpeg\H264Cache.h" />
  </ItemGroup>
</Project>