<?xml version="1.0" encoding="utf-8"?>
<Project ToolsVersion="4.0" xmlns="http://schemas.microsoft.com/developer/msbuild/2003">
  <ItemGroup>
    <ClInclude Include="FFmpeg\BGR24Handler.h">
      <Filter>FFmpeg</Filter>
    </ClInclude>
    <ClInclude Include="FFmpeg\H264Handler.h">
      <Filter>FFmpeg</Filter>
    </ClInclude>
    <ClInclude Include="FFmpeg\IVE_8UC3Handler.h">
      <Filter>FFmpeg</Filter>
    </ClInclude>
    <ClInclude Include="FFmpeg\YUV420PHandler.h">
      <Filter>FFmpeg</Filter>
    </ClInclude>
    <ClInclude Include="FFmpeg\YUV420SPHandler.h">
      <Filter>FFmpeg</Filter>
    </ClInclude>
    <ClInclude Include="Sqlite\Sqlite.h">
      <Filter>Sqlite</Filter>
    </ClInclude>
    <ClInclude Include="Mqtt\MqttChannel.h">
      <Filter>Mqtt</Filter>
    </ClInclude>
    <ClInclude Include="FFmpeg\FFmpegChannel.h">
      <Filter>FFmpeg</Filter>
    </ClInclude>
    <ClInclude Include="opencv\opencv2\core\affine.hpp">
      <Filter>opencv</Filter>
    </ClInclude>
    <ClInclude Include="opencv\opencv2\highgui\cap_ios.h">
      <Filter>opencv</Filter>
    </ClInclude>
    <ClInclude Include="opencv\opencv2\core\core.hpp">
      <Filter>opencv</Filter>
    </ClInclude>
    <ClInclude Include="opencv\opencv2\core.hpp">
      <Filter>opencv</Filter>
    </ClInclude>
    <ClInclude Include="opencv\opencv2\core\core_c.h">
      <Filter>opencv</Filter>
    </ClInclude>
    <ClInclude Include="opencv\opencv2\core\cuda_devptrs.hpp">
      <Filter>opencv</Filter>
    </ClInclude>
    <ClInclude Include="opencv\opencv2\core\devmem2d.hpp">
      <Filter>opencv</Filter>
    </ClInclude>
    <ClInclude Include="opencv\opencv2\core\eigen.hpp">
      <Filter>opencv</Filter>
    </ClInclude>
    <ClInclude Include="opencv\opencv2\core\gpumat.hpp">
      <Filter>opencv</Filter>
    </ClInclude>
    <ClInclude Include="opencv\opencv2\highgui.hpp">
      <Filter>opencv</Filter>
    </ClInclude>
    <ClInclude Include="opencv\opencv2\highgui\highgui.hpp">
      <Filter>opencv</Filter>
    </ClInclude>
    <ClInclude Include="opencv\opencv2\highgui\highgui_c.h">
      <Filter>opencv</Filter>
    </ClInclude>
    <ClInclude Include="opencv\opencv2\imgproc\imgproc.hpp">
      <Filter>opencv</Filter>
    </ClInclude>
    <ClInclude Include="opencv\opencv2\imgproc.hpp">
      <Filter>opencv</Filter>
    </ClInclude>
    <ClInclude Include="opencv\opencv2\imgproc\imgproc_c.h">
      <Filter>opencv</Filter>
    </ClInclude>
    <ClInclude Include="opencv\opencv2\core\internal.hpp">
      <Filter>opencv</Filter>
    </ClInclude>
    <ClInclude Include="opencv\opencv2\highgui\ios.h">
      <Filter>opencv</Filter>
    </ClInclude>
    <ClInclude Include="opencv\opencv2\core\mat.hpp">
      <Filter>opencv</Filter>
    </ClInclude>
    <ClInclude Include="opencv\opencv2\opencv.hpp">
      <Filter>opencv</Filter>
    </ClInclude>
    <ClInclude Include="opencv\opencv2\opencv_modules.hpp">
      <Filter>opencv</Filter>
    </ClInclude>
    <ClInclude Include="opencv\opencv2\core\opengl_interop.hpp">
      <Filter>opencv</Filter>
    </ClInclude>
    <ClInclude Include="opencv\opencv2\core\opengl_interop_deprecated.hpp">
      <Filter>opencv</Filter>
    </ClInclude>
    <ClInclude Include="opencv\opencv2\core\operations.hpp">
      <Filter>opencv</Filter>
    </ClInclude>
    <ClInclude Include="opencv\opencv2\imgproc\types_c.h">
      <Filter>opencv</Filter>
    </ClInclude>
    <ClInclude Include="opencv\opencv2\core\types_c.h">
      <Filter>opencv</Filter>
    </ClInclude>
    <ClInclude Include="opencv\opencv2\core\version.hpp">
      <Filter>opencv</Filter>
    </ClInclude>
    <ClInclude Include="opencv\opencv2\core\wimage.hpp">
      <Filter>opencv</Filter>
    </ClInclude>
  </ItemGroup>
  <ItemGroup>
    <Filter Include="FFmpeg">
      <UniqueIdentifier>{e485cb48-b200-4bbd-b59b-f49b5ec44353}</UniqueIdentifier>
    </Filter>
    <Filter Include="Mqtt">
      <UniqueIdentifier>{fb4661cc-b9ee-43bc-ba8e-ab099d6c8b81}</UniqueIdentifier>
    </Filter>
    <Filter Include="Sqlite">
      <UniqueIdentifier>{7a7899b0-4050-4f25-9e2c-8a21a5887bb5}</UniqueIdentifier>
    </Filter>
    <Filter Include="opencv">
      <UniqueIdentifier>{1fefa0f5-34f9-4c85-b61b-6d3e34d9108b}</UniqueIdentifier>
    </Filter>
  </ItemGroup>
  <ItemGroup>
    <ClCompile Include="FFmpeg\BGR24Handler.cpp">
      <Filter>FFmpeg</Filter>
    </ClCompile>
    <ClCompile Include="FFmpeg\H264Handler.cpp">
      <Filter>FFmpeg</Filter>
    </ClCompile>
    <ClCompile Include="FFmpeg\IVE_8UC3Handler.cpp">
      <Filter>FFmpeg</Filter>
    </ClCompile>
    <ClCompile Include="FFmpeg\YUV420PHandler.cpp">
      <Filter>FFmpeg</Filter>
    </ClCompile>
    <ClCompile Include="FFmpeg\YUV420SPHandler.cpp">
      <Filter>FFmpeg</Filter>
    </ClCompile>
    <ClCompile Include="Sqlite\Sqlite.cpp">
      <Filter>Sqlite</Filter>
    </ClCompile>
    <ClCompile Include="Mqtt\MqttChannel.cpp">
      <Filter>Mqtt</Filter>
    </ClCompile>
    <ClCompile Include="FFmpeg\FFmpegChannel.cpp">
      <Filter>FFmpeg</Filter>
    </ClCompile>
  </ItemGroup>
</Project>