<?xml version="1.0" encoding="utf-8"?>
<Project ToolsVersion="4.0" xmlns="http://schemas.microsoft.com/developer/msbuild/2003">
  <ItemGroup>
    <Filter Include="Event">
      <UniqueIdentifier>{b78f9762-1585-4b36-a879-2482ad94d8cf}</UniqueIdentifier>
    </Filter>
    <Filter Include="Flow">
      <UniqueIdentifier>{6f2d6901-9f1a-40e4-a1cd-1f65cf0bfbb4}</UniqueIdentifier>
    </Filter>
    <Filter Include="Traffic">
      <UniqueIdentifier>{b3a923ed-eada-4a0a-b328-41057c054f38}</UniqueIdentifier>
    </Filter>
    <Filter Include="Adapter">
      <UniqueIdentifier>{f79af6b7-945c-4374-8e16-4c607f69036b}</UniqueIdentifier>
    </Filter>
    <Filter Include="Image">
      <UniqueIdentifier>{dba4bd3d-dc77-4194-9a41-1fbb91d77a63}</UniqueIdentifier>
    </Filter>
  </ItemGroup>
  <ItemGroup>
    <ClCompile Include="Flow\FlowData.cpp">
      <Filter>Flow</Filter>
    </ClCompile>
    <ClCompile Include="Flow\FlowStartup.cpp">
      <Filter>Flow</Filter>
    </ClCompile>
    <ClCompile Include="Flow\FlowDetector.cpp">
      <Filter>Flow</Filter>
    </ClCompile>
    <ClCompile Include="Event\EventData.cpp">
      <Filter>Event</Filter>
    </ClCompile>
    <ClCompile Include="Event\EventDetector.cpp">
      <Filter>Event</Filter>
    </ClCompile>
    <ClCompile Include="Traffic\DetectChannel.cpp">
      <Filter>Traffic</Filter>
    </ClCompile>
    <ClCompile Include="Traffic\RecognChannel.cpp">
      <Filter>Traffic</Filter>
    </ClCompile>
    <ClCompile Include="Traffic\SeemmoSDK.cpp">
      <Filter>Traffic</Filter>
    </ClCompile>
    <ClCompile Include="Traffic\TrafficDetector.cpp">
      <Filter>Traffic</Filter>
    </ClCompile>
    <ClCompile Include="Traffic\TrafficStartup.cpp">
      <Filter>Traffic</Filter>
    </ClCompile>
    <ClCompile Include="Event\EventStartup.cpp">
      <Filter>Event</Filter>
    </ClCompile>
    <ClCompile Include="Adapter\IoAdapter.cpp">
      <Filter>Adapter</Filter>
    </ClCompile>
    <ClCompile Include="Traffic\TrafficData.cpp">
      <Filter>Traffic</Filter>
    </ClCompile>
    <ClCompile Include="TerribleTornado.cpp" />
    <ClCompile Include="Image\ImageConvert.cpp">
      <Filter>Image</Filter>
    </ClCompile>
    <ClCompile Include="Image\H264Handler.cpp">
      <Filter>Image</Filter>
    </ClCompile>
    <ClCompile Include="Image\IVEHandler.cpp">
      <Filter>Image</Filter>
    </ClCompile>
    <ClCompile Include="Image\YUV420PHandler.cpp">
      <Filter>Image</Filter>
    </ClCompile>
    <ClCompile Include="Image\YUV420SPHandler.cpp">
      <Filter>Image</Filter>
    </ClCompile>
    <ClCompile Include="Image\BGR24Handler.cpp">
      <Filter>Image</Filter>
    </ClCompile>
    <ClCompile Include="Traffic\DecodeChannel.cpp">
      <Filter>Traffic</Filter>
    </ClCompile>
    <ClCompile Include="Traffic\EncodeChannel.cpp">
      <Filter>Traffic</Filter>
    </ClCompile>
    <ClCompile Include="Event\EventDataChannel.cpp">
      <Filter>Event</Filter>
    </ClCompile>
  </ItemGroup>
  <ItemGroup>
    <ClInclude Include="Flow\FlowData.h">
      <Filter>Flow</Filter>
    </ClInclude>
    <ClInclude Include="Flow\FlowDetector.h">
      <Filter>Flow</Filter>
    </ClInclude>
    <ClInclude Include="Event\EventData.h">
      <Filter>Event</Filter>
    </ClInclude>
    <ClInclude Include="Event\EventDetector.h">
      <Filter>Event</Filter>
    </ClInclude>
    <ClInclude Include="Traffic\DetectChannel.h">
      <Filter>Traffic</Filter>
    </ClInclude>
    <ClInclude Include="Traffic\RecognChannel.h">
      <Filter>Traffic</Filter>
    </ClInclude>
    <ClInclude Include="Traffic\SeemmoSDK.h">
      <Filter>Traffic</Filter>
    </ClInclude>
    <ClInclude Include="Traffic\TrafficData.h">
      <Filter>Traffic</Filter>
    </ClInclude>
    <ClInclude Include="Traffic\TrafficDetector.h">
      <Filter>Traffic</Filter>
    </ClInclude>
    <ClInclude Include="Traffic\TrafficStartup.h">
      <Filter>Traffic</Filter>
    </ClInclude>
    <ClInclude Include="Event\EventStartup.h">
      <Filter>Event</Filter>
    </ClInclude>
    <ClInclude Include="Adapter\IoAdapter.h">
      <Filter>Adapter</Filter>
    </ClInclude>
    <ClInclude Include="Image\ImageConvert.h">
      <Filter>Image</Filter>
    </ClInclude>
    <ClInclude Include="Image\YUV420SPHandler.h">
      <Filter>Image</Filter>
    </ClInclude>
    <ClInclude Include="Image\H264Handler.h">
      <Filter>Image</Filter>
    </ClInclude>
    <ClInclude Include="Image\IVEHandler.h">
      <Filter>Image</Filter>
    </ClInclude>
    <ClInclude Include="Image\YUV420PHandler.h">
      <Filter>Image</Filter>
    </ClInclude>
    <ClInclude Include="Image\BGR24Handler.h">
      <Filter>Image</Filter>
    </ClInclude>
    <ClInclude Include="Traffic\DecodeChannel.h">
      <Filter>Traffic</Filter>
    </ClInclude>
    <ClInclude Include="Traffic\EncodeChannel.h">
      <Filter>Traffic</Filter>
    </ClInclude>
    <ClInclude Include="Flow\FlowStartup.h">
      <Filter>Flow</Filter>
    </ClInclude>
    <ClInclude Include="Event\EventDataChannel.h">
      <Filter>Event</Filter>
    </ClInclude>
  </ItemGroup>
  <ItemGroup>
    <None Include="appsettings.json" />
    <None Include="flow.db" />
    <None Include="event.db" />
  </ItemGroup>
</Project>