<?xml version="1.0" encoding="utf-8"?>
<Project ToolsVersion="4.0" xmlns="http://schemas.microsoft.com/developer/msbuild/2003">
  <ItemGroup>
    <Filter Include="Core">
      <UniqueIdentifier>{f73050c6-b926-4b18-8949-bcf166b2c97f}</UniqueIdentifier>
    </Filter>
    <Filter Include="Logger">
      <UniqueIdentifier>{c5828014-1def-4259-8663-0d238db78a1e}</UniqueIdentifier>
    </Filter>
    <Filter Include="Mqtt">
      <UniqueIdentifier>{3445cfe4-0224-47ab-a3e5-26c7b64194df}</UniqueIdentifier>
    </Filter>
    <Filter Include="Convert">
      <UniqueIdentifier>{11c5238b-ff2e-46c4-a10c-083c07b82774}</UniqueIdentifier>
    </Filter>
    <Filter Include="Text">
      <UniqueIdentifier>{515fc182-9c11-4876-9764-6158a60a1b1a}</UniqueIdentifier>
    </Filter>
    <Filter Include="Traffic">
      <UniqueIdentifier>{ff9ffd51-d482-462f-a7c2-6ad645aabff1}</UniqueIdentifier>
    </Filter>
  </ItemGroup>
  <ItemGroup>
    <ClCompile Include="Saitama.cpp" />
    <ClCompile Include="Core\FileConfig.cpp">
      <Filter>Core</Filter>
    </ClCompile>
    <ClCompile Include="Core\DateTime.cpp">
      <Filter>Core</Filter>
    </ClCompile>
    <ClCompile Include="Logger\ConsoleLogger.cpp">
      <Filter>Logger</Filter>
    </ClCompile>
    <ClCompile Include="Logger\FileLogger.cpp">
      <Filter>Logger</Filter>
    </ClCompile>
    <ClCompile Include="Logger\LogPool.cpp">
      <Filter>Logger</Filter>
    </ClCompile>
    <ClCompile Include="Core\AsyncQueue.cpp">
      <Filter>Core</Filter>
    </ClCompile>
    <ClCompile Include="Core\Command.cpp">
      <Filter>Core</Filter>
    </ClCompile>
    <ClCompile Include="Core\Thread.cpp">
      <Filter>Core</Filter>
    </ClCompile>
    <ClCompile Include="Logger\LogReader.cpp">
      <Filter>Logger</Filter>
    </ClCompile>
    <ClCompile Include="Convert\ByteFormatter.cpp">
      <Filter>Convert</Filter>
    </ClCompile>
    <ClCompile Include="Convert\StringFormatter.cpp">
      <Filter>Convert</Filter>
    </ClCompile>
    <ClCompile Include="Text\StringEx.cpp">
      <Filter>Text</Filter>
    </ClCompile>
    <ClCompile Include="Text\Security.cpp">
      <Filter>Text</Filter>
    </ClCompile>
    <ClCompile Include="Text\Path.cpp">
      <Filter>Text</Filter>
    </ClCompile>
    <ClCompile Include="Mqtt\MqttChannel.cpp">
      <Filter>Mqtt</Filter>
    </ClCompile>
    <ClCompile Include="Traffic\VideoChannel.cpp">
      <Filter>Traffic</Filter>
    </ClCompile>
    <ClCompile Include="Traffic\Lane.cpp">
      <Filter>Traffic</Filter>
    </ClCompile>
    <ClCompile Include="DataChannel.cpp">
      <Filter>Traffic</Filter>
    </ClCompile>
  </ItemGroup>
  <ItemGroup>
    <ClInclude Include="Core\FileConfig.h">
      <Filter>Core</Filter>
    </ClInclude>
    <ClInclude Include="Core\DateTime.h">
      <Filter>Core</Filter>
    </ClInclude>
    <ClInclude Include="Logger\ConsoleLogger.h">
      <Filter>Logger</Filter>
    </ClInclude>
    <ClInclude Include="Logger\FileLogger.h">
      <Filter>Logger</Filter>
    </ClInclude>
    <ClInclude Include="Logger\Logger.h">
      <Filter>Logger</Filter>
    </ClInclude>
    <ClInclude Include="Logger\LogPool.h">
      <Filter>Logger</Filter>
    </ClInclude>
    <ClInclude Include="Core\AsyncQueue.h">
      <Filter>Core</Filter>
    </ClInclude>
    <ClInclude Include="Core\Command.h">
      <Filter>Core</Filter>
    </ClInclude>
    <ClInclude Include="Core\Observable.h">
      <Filter>Core</Filter>
    </ClInclude>
    <ClInclude Include="Core\Thread.h">
      <Filter>Core</Filter>
    </ClInclude>
    <ClInclude Include="Mqtt\mosquittopp.h">
      <Filter>Mqtt</Filter>
    </ClInclude>
    <ClInclude Include="Mqtt\mosquitto.h">
      <Filter>Mqtt</Filter>
    </ClInclude>
    <ClInclude Include="Mqtt\mosquitto_plugin.h">
      <Filter>Mqtt</Filter>
    </ClInclude>
    <ClInclude Include="Logger\LogReader.h">
      <Filter>Logger</Filter>
    </ClInclude>
    <ClInclude Include="Convert\ByteFormatter.h">
      <Filter>Convert</Filter>
    </ClInclude>
    <ClInclude Include="Convert\JsonFormatter.h">
      <Filter>Convert</Filter>
    </ClInclude>
    <ClInclude Include="Convert\StringFormatter.h">
      <Filter>Convert</Filter>
    </ClInclude>
    <ClInclude Include="Text\StringEx.h">
      <Filter>Text</Filter>
    </ClInclude>
    <ClInclude Include="Text\Security.h">
      <Filter>Text</Filter>
    </ClInclude>
    <ClInclude Include="Text\Path.h">
      <Filter>Text</Filter>
    </ClInclude>
    <ClInclude Include="Mqtt\MqttChannel.h">
      <Filter>Mqtt</Filter>
    </ClInclude>
    <ClInclude Include="Traffic\Shape.h">
      <Filter>Traffic</Filter>
    </ClInclude>
    <ClInclude Include="Traffic\VideoChannel.h">
      <Filter>Traffic</Filter>
    </ClInclude>
    <ClInclude Include="Traffic\Lane.h">
      <Filter>Traffic</Filter>
    </ClInclude>
    <ClInclude Include="Traffic\Detect.h">
      <Filter>Traffic</Filter>
    </ClInclude>
    <ClInclude Include="DataChannel.h">
      <Filter>Traffic</Filter>
    </ClInclude>
  </ItemGroup>
  <ItemGroup>
    <None Include="app.config" />
  </ItemGroup>
</Project>