<?xml version="1.0" encoding="utf-8"?>
<Project ToolsVersion="4.0" xmlns="http://schemas.microsoft.com/developer/msbuild/2003">
  <ItemGroup>
    <Filter Include="Core">
      <UniqueIdentifier>{f73050c6-b926-4b18-8949-bcf166b2c97f}</UniqueIdentifier>
    </Filter>
    <Filter Include="Logger">
      <UniqueIdentifier>{c5828014-1def-4259-8663-0d238db78a1e}</UniqueIdentifier>
    </Filter>
    <Filter Include="Convert">
      <UniqueIdentifier>{11c5238b-ff2e-46c4-a10c-083c07b82774}</UniqueIdentifier>
    </Filter>
    <Filter Include="Text">
      <UniqueIdentifier>{515fc182-9c11-4876-9764-6158a60a1b1a}</UniqueIdentifier>
    </Filter>
    <Filter Include="Net">
      <UniqueIdentifier>{5eda3a01-4cf6-41de-87bd-f0e5795b7b90}</UniqueIdentifier>
    </Filter>
  </ItemGroup>
  <ItemGroup>
    <ClCompile Include="Core\FileConfig.cpp">
      <Filter>Core</Filter>
    </ClCompile>
    <ClCompile Include="Core\DateTime.cpp">
      <Filter>Core</Filter>
    </ClCompile>
    <ClCompile Include="Logger\ConsoleLogger.cpp">
      <Filter>Logger</Filter>
    </ClCompile>
    <ClCompile Include="Logger\FileLogger.cpp">
      <Filter>Logger</Filter>
    </ClCompile>
    <ClCompile Include="Logger\LogPool.cpp">
      <Filter>Logger</Filter>
    </ClCompile>
    <ClCompile Include="Core\Command.cpp">
      <Filter>Core</Filter>
    </ClCompile>
    <ClCompile Include="Core\Thread.cpp">
      <Filter>Core</Filter>
    </ClCompile>
    <ClCompile Include="Logger\LogReader.cpp">
      <Filter>Logger</Filter>
    </ClCompile>
    <ClCompile Include="Convert\ByteFormatter.cpp">
      <Filter>Convert</Filter>
    </ClCompile>
    <ClCompile Include="Convert\StringFormatter.cpp">
      <Filter>Convert</Filter>
    </ClCompile>
    <ClCompile Include="Text\StringEx.cpp">
      <Filter>Text</Filter>
    </ClCompile>
    <ClCompile Include="Text\Security.cpp">
      <Filter>Text</Filter>
    </ClCompile>
    <ClCompile Include="Text\Path.cpp">
      <Filter>Text</Filter>
    </ClCompile>
    <ClCompile Include="Net\EndPoint.cpp">
      <Filter>Net</Filter>
    </ClCompile>
    <ClCompile Include="Net\HttpHandler.cpp">
      <Filter>Net</Filter>
    </ClCompile>
    <ClCompile Include="Net\NoticeHandler.cpp">
      <Filter>Net</Filter>
    </ClCompile>
    <ClCompile Include="Net\Socket.cpp">
      <Filter>Net</Filter>
    </ClCompile>
    <ClCompile Include="Net\SocketChannel.cpp">
      <Filter>Net</Filter>
    </ClCompile>
    <ClCompile Include="Net\SocketHandler.cpp">
      <Filter>Net</Filter>
    </ClCompile>
    <ClCompile Include="Net\WebSocket.cpp">
      <Filter>Net</Filter>
    </ClCompile>
    <ClCompile Include="Net\WebSocketHandler.cpp">
      <Filter>Net</Filter>
    </ClCompile>
    <ClCompile Include="Net\AsyncHandler.cpp">
      <Filter>Net</Filter>
    </ClCompile>
    <ClCompile Include="Net\SocketMaid.cpp">
      <Filter>Net</Filter>
    </ClCompile>
    <ClCompile Include="Convert\JsonFormatter.cpp">
      <Filter>Convert</Filter>
    </ClCompile>
    <ClCompile Include="Net\ConnectionChannel.cpp">
      <Filter>Net</Filter>
    </ClCompile>
  </ItemGroup>
  <ItemGroup>
    <ClInclude Include="Core\FileConfig.h">
      <Filter>Core</Filter>
    </ClInclude>
    <ClInclude Include="Core\DateTime.h">
      <Filter>Core</Filter>
    </ClInclude>
    <ClInclude Include="Logger\ConsoleLogger.h">
      <Filter>Logger</Filter>
    </ClInclude>
    <ClInclude Include="Logger\FileLogger.h">
      <Filter>Logger</Filter>
    </ClInclude>
    <ClInclude Include="Logger\Logger.h">
      <Filter>Logger</Filter>
    </ClInclude>
    <ClInclude Include="Logger\LogPool.h">
      <Filter>Logger</Filter>
    </ClInclude>
    <ClInclude Include="Core\Command.h">
      <Filter>Core</Filter>
    </ClInclude>
    <ClInclude Include="Core\Observable.h">
      <Filter>Core</Filter>
    </ClInclude>
    <ClInclude Include="Core\Thread.h">
      <Filter>Core</Filter>
    </ClInclude>
    <ClInclude Include="Logger\LogReader.h">
      <Filter>Logger</Filter>
    </ClInclude>
    <ClInclude Include="Convert\ByteFormatter.h">
      <Filter>Convert</Filter>
    </ClInclude>
    <ClInclude Include="Convert\JsonFormatter.h">
      <Filter>Convert</Filter>
    </ClInclude>
    <ClInclude Include="Text\StringEx.h">
      <Filter>Text</Filter>
    </ClInclude>
    <ClInclude Include="Text\Security.h">
      <Filter>Text</Filter>
    </ClInclude>
    <ClInclude Include="Text\Path.h">
      <Filter>Text</Filter>
    </ClInclude>
    <ClInclude Include="Convert\StringFormatter.h">
      <Filter>Convert</Filter>
    </ClInclude>
    <ClInclude Include="Net\WebSocketHandler.h">
      <Filter>Net</Filter>
    </ClInclude>
    <ClInclude Include="Net\EndPoint.h">
      <Filter>Net</Filter>
    </ClInclude>
    <ClInclude Include="Net\HttpHandler.h">
      <Filter>Net</Filter>
    </ClInclude>
    <ClInclude Include="Net\NoticeHandler.h">
      <Filter>Net</Filter>
    </ClInclude>
    <ClInclude Include="Net\Socket.h">
      <Filter>Net</Filter>
    </ClInclude>
    <ClInclude Include="Net\SocketChannel.h">
      <Filter>Net</Filter>
    </ClInclude>
    <ClInclude Include="Net\SocketHandler.h">
      <Filter>Net</Filter>
    </ClInclude>
    <ClInclude Include="Net\WebSocket.h">
      <Filter>Net</Filter>
    </ClInclude>
    <ClInclude Include="Net\AsyncHandler.h">
      <Filter>Net</Filter>
    </ClInclude>
    <ClInclude Include="Logger\LogEvent.h">
      <Filter>Logger</Filter>
    </ClInclude>
    <ClInclude Include="Net\SocketMaid.h">
      <Filter>Net</Filter>
    </ClInclude>
    <ClInclude Include="Core\Shape.h">
      <Filter>Core</Filter>
    </ClInclude>
    <ClInclude Include="Net\ConnectionChannel.h">
      <Filter>Net</Filter>
    </ClInclude>
  </ItemGroup>
</Project>